{
  "nodes": {
    "bungeecord": {
      "flake": false,
      "locked": {
        "lastModified": 1705700517,
        "narHash": "sha256-i4KU6okU2rgqqsuQ9MYaM4BLWjqVISUMge+ocFCYnsM=",
        "ref": "refs/heads/master",
        "rev": "a1cd694363a4adbd4dcf8c7f8680cb6faf16cf50",
        "revCount": 1974,
        "type": "git",
        "url": "https://github.com/SpigotMC/BungeeCord"
      },
      "original": {
        "type": "git",
        "url": "https://github.com/SpigotMC/BungeeCord"
      }
    },
    "flake-utils": {
      "inputs": {
        "systems": "systems"
      },
      "locked": {
        "lastModified": 1687709756,
        "narHash": "sha256-Y5wKlQSkgEK2weWdOu4J3riRd+kV/VCgHsqLNTTWQ/0=",
        "owner": "numtide",
        "repo": "flake-utils",
        "rev": "dbabf0ca0c0c4bce6ea5eaf65af5cb694d2082c7",
        "type": "github"
      },
      "original": {
        "owner": "numtide",
        "repo": "flake-utils",
        "type": "github"
      }
    },
    "mavenix": {
      "inputs": {
        "nixpkgs": "nixpkgs",
        "utils": "utils"
      },
      "locked": {
        "lastModified": 1643802645,
        "narHash": "sha256-BynM25iwp/l3FyrcHqiNJdDxvN6IxSM3/zkFR6PD3B0=",
        "owner": "nix-community",
        "repo": "mavenix",
        "rev": "ce9ddfd7f361190e8e8dcfaf6b8282eebbb3c7cb",
        "type": "github"
      },
      "original": {
        "owner": "nix-community",
        "repo": "mavenix",
        "type": "github"
      }
    },
    "nixpkgs": {
      "locked": {
        "lastModified": 1621552131,
        "narHash": "sha256-AD/AEXv+QOYAg0PIqMYv2nbGOGTIwfOGKtz3rE+y+Tc=",
        "owner": "NixOS",
        "repo": "nixpkgs",
        "rev": "d42cd445dde587e9a993cd9434cb43da07c4c5de",
        "type": "github"
      },
      "original": {
        "id": "nixpkgs",
        "type": "indirect"
      }
    },
    "nixpkgs_2": {
      "locked": {
        "lastModified": 1687977148,
        "narHash": "sha256-gUcXiU2GgjYIc65GOIemdBJZ+lkQxuyIh7OkR9j0gCo=",
        "owner": "NixOS",
        "repo": "nixpkgs",
        "rev": "60a783e00517fce85c42c8c53fe0ed05ded5b2a4",
        "type": "github"
      },
      "original": {
        "owner": "NixOS",
        "ref": "nixpkgs-unstable",
        "repo": "nixpkgs",
        "type": "github"
      }
    },
    "root": {
      "inputs": {
        "bungeecord": "bungeecord",
        "flake-utils": "flake-utils",
        "mavenix": "mavenix",
        "nixpkgs": "nixpkgs_2",
        "spigot": "spigot"
      }
    },
    "spigot": {
      "flake": false,
      "locked": {
        "lastModified": 1687164037,
        "narHash": "sha256-EO/wfsn1t8nc26x1kJaJwudCV/hN+k9ORCYnYgldSNs=",
        "ref": "refs/heads/master",
        "rev": "2836244c7570cce607f5b5d124bdc7b4f28aa0ee",
        "revCount": 155,
        "type": "git",
        "url": "https://hub.spigotmc.org/stash/scm/spigot/buildtools.git"
      },
      "original": {
        "type": "git",
        "url": "https://hub.spigotmc.org/stash/scm/spigot/buildtools.git"
      }
    },
    "systems": {
      "locked": {
        "lastModified": 1681028828,
        "narHash": "sha256-Vy1rq5AaRuLzOxct8nz4T6wlgyUR7zLU309k9mBC768=",
        "owner": "nix-systems",
        "repo": "default",
        "rev": "da67096a3b9bf56a91d16901293e51ba5b49a27e",
        "type": "github"
      },
      "original": {
        "owner": "nix-systems",
        "repo": "default",
        "type": "github"
      }
    },
    "utils": {
      "locked": {
        "lastModified": 1620759905,
        "narHash": "sha256-WiyWawrgmyN0EdmiHyG2V+fqReiVi8bM9cRdMaKQOFg=",
        "owner": "numtide",
        "repo": "flake-utils",
        "rev": "b543720b25df6ffdfcf9227afafc5b8c1fabfae8",
        "type": "github"
      },
      "original": {
        "owner": "numtide",
        "repo": "flake-utils",
        "type": "github"
      }
    }
  },
  "root": "root",
  "version": 7
}
