{
  "nodes": {
    "bungeecord": {
      "flake": false,
      "locked": {
        "lastModified": 1729610100,
        "narHash": "sha256-FXVh1c0nkdEAs4kJ6gsIH3bkZZny468p/ACmYO7cLko=",
        "ref": "refs/heads/master",
        "rev": "4886c4be017761333dc67b9c300acc7481354a7d",
        "revCount": 2071,
        "type": "git",
        "url": "https://github.com/SpigotMC/BungeeCord"
      },
      "original": {
        "type": "git",
        "url": "https://github.com/SpigotMC/BungeeCord"
      }
    },
    "flake-utils": {
      "inputs": {
        "systems": "systems"
      },
      "locked": {
        "lastModified": 1726560853,
        "narHash": "sha256-X6rJYSESBVr3hBoH0WbKE5KvhPU5bloyZ2L4K60/fPQ=",
        "owner": "numtide",
        "repo": "flake-utils",
        "rev": "c1dfcf08411b08f6b8615f7d8971a2bfa81d5e8a",
        "type": "github"
      },
      "original": {
        "owner": "numtide",
        "repo": "flake-utils",
        "type": "github"
      }
    },
    "mavenix": {
      "inputs": {
        "nixpkgs": "nixpkgs",
        "utils": "utils"
      },
      "locked": {
        "lastModified": 1643802645,
        "narHash": "sha256-BynM25iwp/l3FyrcHqiNJdDxvN6IxSM3/zkFR6PD3B0=",
        "owner": "nix-community",
        "repo": "mavenix",
        "rev": "ce9ddfd7f361190e8e8dcfaf6b8282eebbb3c7cb",
        "type": "github"
      },
      "original": {
        "owner": "nix-community",
        "repo": "mavenix",
        "type": "github"
      }
    },
    "nixpkgs": {
      "locked": {
        "lastModified": 1621552131,
        "narHash": "sha256-AD/AEXv+QOYAg0PIqMYv2nbGOGTIwfOGKtz3rE+y+Tc=",
        "owner": "NixOS",
        "repo": "nixpkgs",
        "rev": "d42cd445dde587e9a993cd9434cb43da07c4c5de",
        "type": "github"
      },
      "original": {
        "id": "nixpkgs",
        "type": "indirect"
      }
    },
    "nixpkgs_2": {
      "locked": {
        "lastModified": 1730643484,
        "narHash": "sha256-FZN70acnL7V0gfmtLTdsi4J1o51bfaBYDTi3E7b7z3U=",
        "owner": "NixOS",
        "repo": "nixpkgs",
        "rev": "4ae2e647537bcdbb82265469442713d066675275",
        "type": "github"
      },
      "original": {
        "owner": "NixOS",
        "ref": "nixpkgs-unstable",
        "repo": "nixpkgs",
        "type": "github"
      }
    },
    "root": {
      "inputs": {
        "bungeecord": "bungeecord",
        "flake-utils": "flake-utils",
        "mavenix": "mavenix",
        "nixpkgs": "nixpkgs_2",
        "spigot": "spigot"
      }
    },
    "spigot": {
      "flake": false,
      "locked": {
        "lastModified": 1729974302,
        "narHash": "sha256-sMwV/N31ISbQDZnuBxcEl9VjX3pZce5o/SF5Tnz0/pc=",
        "ref": "refs/heads/master",
        "rev": "f901b6f52a44407c6e3311be8bec2abc9cc59c06",
        "revCount": 180,
        "type": "git",
        "url": "https://hub.spigotmc.org/stash/scm/spigot/buildtools.git"
      },
      "original": {
        "type": "git",
        "url": "https://hub.spigotmc.org/stash/scm/spigot/buildtools.git"
      }
    },
    "systems": {
      "locked": {
        "lastModified": 1681028828,
        "narHash": "sha256-Vy1rq5AaRuLzOxct8nz4T6wlgyUR7zLU309k9mBC768=",
        "owner": "nix-systems",
        "repo": "default",
        "rev": "da67096a3b9bf56a91d16901293e51ba5b49a27e",
        "type": "github"
      },
      "original": {
        "owner": "nix-systems",
        "repo": "default",
        "type": "github"
      }
    },
    "utils": {
      "locked": {
        "lastModified": 1620759905,
        "narHash": "sha256-WiyWawrgmyN0EdmiHyG2V+fqReiVi8bM9cRdMaKQOFg=",
        "owner": "numtide",
        "repo": "flake-utils",
        "rev": "b543720b25df6ffdfcf9227afafc5b8c1fabfae8",
        "type": "github"
      },
      "original": {
        "owner": "numtide",
        "repo": "flake-utils",
        "type": "github"
      }
    }
  },
  "root": "root",
  "version": 7
}
