{
  "nodes": {
    "bungeecord": {
      "flake": false,
      "locked": {
        "lastModified": 1763763833,
        "narHash": "sha256-vLOSrlCy4f1cYsCbEiIpKQstFjgfM4wj+lUUmzngqg8=",
        "ref": "refs/heads/master",
        "rev": "3929ac422c18673578a229002e3da828907ef945",
        "revCount": 2219,
        "type": "git",
        "url": "https://github.com/SpigotMC/BungeeCord"
      },
      "original": {
        "type": "git",
        "url": "https://github.com/SpigotMC/BungeeCord"
      }
    },
    "flake-utils": {
      "inputs": {
        "systems": "systems"
      },
      "locked": {
        "lastModified": 1731533236,
        "narHash": "sha256-l0KFg5HjrsfsO/JpG+r7fRrqm12kzFHyUHqHCVpMMbI=",
        "owner": "numtide",
        "repo": "flake-utils",
        "rev": "11707dc2f618dd54ca8739b309ec4fc024de578b",
        "type": "github"
      },
      "original": {
        "owner": "numtide",
        "repo": "flake-utils",
        "type": "github"
      }
    },
    "mavenix": {
      "inputs": {
        "nixpkgs": "nixpkgs",
        "utils": "utils"
      },
      "locked": {
        "lastModified": 1643802645,
        "narHash": "sha256-BynM25iwp/l3FyrcHqiNJdDxvN6IxSM3/zkFR6PD3B0=",
        "owner": "nix-community",
        "repo": "mavenix",
        "rev": "ce9ddfd7f361190e8e8dcfaf6b8282eebbb3c7cb",
        "type": "github"
      },
      "original": {
        "owner": "nix-community",
        "repo": "mavenix",
        "type": "github"
      }
    },
    "nixpkgs": {
      "locked": {
        "lastModified": 1621552131,
        "narHash": "sha256-AD/AEXv+QOYAg0PIqMYv2nbGOGTIwfOGKtz3rE+y+Tc=",
        "owner": "NixOS",
        "repo": "nixpkgs",
        "rev": "d42cd445dde587e9a993cd9434cb43da07c4c5de",
        "type": "github"
      },
      "original": {
        "id": "nixpkgs",
        "type": "indirect"
      }
    },
    "nixpkgs_2": {
      "locked": {
        "lastModified": 1764384123,
        "narHash": "sha256-UoliURDJFaOolycBZYrjzd9Cc66zULEyHqGFH3QHEq0=",
        "owner": "NixOS",
        "repo": "nixpkgs",
        "rev": "59b6c96beacc898566c9be1052ae806f3835f87d",
        "type": "github"
      },
      "original": {
        "owner": "NixOS",
        "ref": "nixpkgs-unstable",
        "repo": "nixpkgs",
        "type": "github"
      }
    },
    "root": {
      "inputs": {
        "bungeecord": "bungeecord",
        "flake-utils": "flake-utils",
        "mavenix": "mavenix",
        "nixpkgs": "nixpkgs_2",
        "spigot": "spigot"
      }
    },
    "spigot": {
      "flake": false,
      "locked": {
        "lastModified": 1761554844,
        "narHash": "sha256-SEDcuwI4wkDeA/W3z+PXCKtrWeNmO45LpCRNn55A+bs=",
        "ref": "refs/heads/master",
        "rev": "c4a8e0b32cd19b171c2d7d3ec838fd4e16ffe2ca",
        "revCount": 188,
        "type": "git",
        "url": "https://hub.spigotmc.org/stash/scm/spigot/buildtools.git"
      },
      "original": {
        "type": "git",
        "url": "https://hub.spigotmc.org/stash/scm/spigot/buildtools.git"
      }
    },
    "systems": {
      "locked": {
        "lastModified": 1681028828,
        "narHash": "sha256-Vy1rq5AaRuLzOxct8nz4T6wlgyUR7zLU309k9mBC768=",
        "owner": "nix-systems",
        "repo": "default",
        "rev": "da67096a3b9bf56a91d16901293e51ba5b49a27e",
        "type": "github"
      },
      "original": {
        "owner": "nix-systems",
        "repo": "default",
        "type": "github"
      }
    },
    "utils": {
      "locked": {
        "lastModified": 1620759905,
        "narHash": "sha256-WiyWawrgmyN0EdmiHyG2V+fqReiVi8bM9cRdMaKQOFg=",
        "owner": "numtide",
        "repo": "flake-utils",
        "rev": "b543720b25df6ffdfcf9227afafc5b8c1fabfae8",
        "type": "github"
      },
      "original": {
        "owner": "numtide",
        "repo": "flake-utils",
        "type": "github"
      }
    }
  },
  "root": "root",
  "version": 7
}
